
Microsoft Visual Studio Solution File, Format Version 12.00
# Visual Studio Version 17
VisualStudioVersion = 17.11.35312.102
MinimumVisualStudioVersion = 10.0.40219.1
Project("{FAE04EC0-301F-11D3-BF4B-00C04F79EFBC}") = "LINQ3CSharp", "LINQ3CSharp\LINQ3CSharp.csproj", "{F5CFC365-FD1C-4A1D-8D51-E1CE8942436A}"
EndProject
Global
	GlobalSection(SolutionConfigurationPlatforms) = preSolution
		Debug|Any CPU = Debug|Any CPU
		Release|Any CPU = Release|Any CPU
	EndGlobalSection
	GlobalSection(ProjectConfigurationPlatforms) = postSolution
		{F5CFC365-FD1C-4A1D-8D51-E1CE8942436A}.Debug|Any CPU.ActiveCfg = Debug|Any CPU
		{F5CFC365-FD1C-4A1D-8D51-E1CE8942436A}.Debug|Any CPU.Build.0 = Debug|Any CPU
		{F5CFC365-FD1C-4A1D-8D51-E1CE8942436A}.Release|Any CPU.ActiveCfg = Release|Any CPU
		{F5CFC365-FD1C-4A1D-8D51-E1CE8942436A}.Release|Any CPU.Build.0 = Release|Any CPU
	EndGlobalSection
	GlobalSection(SolutionProperties) = preSolution
		HideSolutionNode = FALSE
	EndGlobalSection
	GlobalSection(ExtensibilityGlobals) = postSolution
		SolutionGuid = {9265BA55-2825-4AD4-8831-54E500049D82}
	EndGlobalSection
EndGlobal
